
Microsoft Visual Studio Solution File, Format Version 12.00
# Visual Studio 2012
Project("{FAE04EC0-301F-11D3-BF4B-00C04F79EFBC}") = "PowerShellCmdletSample", "PowerShellCmdletSample\PowerShellCmdletSample.csproj", "{155CA251-05BF-4EBA-9045-6B992581550B}"
EndProject
Global
	GlobalSection(SolutionConfigurationPlatforms) = preSolution
		Debug|Any CPU = Debug|Any CPU
		Release|Any CPU = Release|Any CPU
	EndGlobalSection
	GlobalSection(ProjectConfigurationPlatforms) = postSolution
		{155CA251-05BF-4EBA-9045-6B992581550B}.Debug|Any CPU.ActiveCfg = Debug|Any CPU
		{155CA251-05BF-4EBA-9045-6B992581550B}.Debug|Any CPU.Build.0 = Debug|Any CPU
		{155CA251-05BF-4EBA-9045-6B992581550B}.Release|Any CPU.ActiveCfg = Release|Any CPU
		{155CA251-05BF-4EBA-9045-6B992581550B}.Release|Any CPU.Build.0 = Release|Any CPU
	EndGlobalSection
	GlobalSection(SolutionProperties) = preSolution
		HideSolutionNode = FALSE
	EndGlobalSection
EndGlobal
